
Microsoft Visual Studio Solution File, Format Version 12.00
# Visual Studio 15
VisualStudioVersion = 15.0.28307.705
MinimumVisualStudioVersion = 10.0.40219.1
Project("{9A19103F-16F7-4668-BE54-9A1E7A4F7556}") = "TesseractSharp", "src\TesseractSharp.csproj", "{3AE8D014-E619-49F0-8086-259A0A57B0D2}"
EndProject
Project("{9A19103F-16F7-4668-BE54-9A1E7A4F7556}") = "TesseractSharpTests", "tests\TesseractSharpTests\TesseractSharpTests.csproj", "{5F3B39CA-8FD5-4039-AB89-724A5DAA7B2E}"
EndProject
Global
	GlobalSection(SolutionConfigurationPlatforms) = preSolution
		Debug|Any CPU = Debug|Any CPU
		Release|Any CPU = Release|Any CPU
	EndGlobalSection
	GlobalSection(ProjectConfigurationPlatforms) = postSolution
		{3AE8D014-E619-49F0-8086-259A0A57B0D2}.Debug|Any CPU.ActiveCfg = Release|Any CPU
		{3AE8D014-E619-49F0-8086-259A0A57B0D2}.Debug|Any CPU.Build.0 = Release|Any CPU
		{3AE8D014-E619-49F0-8086-259A0A57B0D2}.Release|Any CPU.ActiveCfg = Release|Any CPU
		{3AE8D014-E619-49F0-8086-259A0A57B0D2}.Release|Any CPU.Build.0 = Release|Any CPU
		{5F3B39CA-8FD5-4039-AB89-724A5DAA7B2E}.Debug|Any CPU.ActiveCfg = Debug|Any CPU
		{5F3B39CA-8FD5-4039-AB89-724A5DAA7B2E}.Debug|Any CPU.Build.0 = Debug|Any CPU
		{5F3B39CA-8FD5-4039-AB89-724A5DAA7B2E}.Release|Any CPU.ActiveCfg = Release|Any CPU
		{5F3B39CA-8FD5-4039-AB89-724A5DAA7B2E}.Release|Any CPU.Build.0 = Release|Any CPU
	EndGlobalSection
	GlobalSection(SolutionProperties) = preSolution
		HideSolutionNode = FALSE
	EndGlobalSection
	GlobalSection(ExtensibilityGlobals) = postSolution
		SolutionGuid = {48581AE8-24E6-4788-BA8C-2A63C0DED5FA}
	EndGlobalSection
EndGlobal
